
Microsoft Visual Studio Solution File, Format Version 12.00
# Visual Studio 15
VisualStudioVersion = 15.0.26124.0
MinimumVisualStudioVersion = 15.0.26124.0
Project("{FAE04EC0-301F-11D3-BF4B-00C04F79EFBC}") = "KafkaElasticConsumer", "KafkaElasticConsumer\KafkaElasticConsumer.csproj", "{189EA9C1-E21C-43B4-A3C7-8F649FB23872}"
EndProject
Project("{FAE04EC0-301F-11D3-BF4B-00C04F79EFBC}") = "KafkaElasticConsumer.Tests", "KafkaElasticConsumer.Tests\KafkaElasticConsumer.Tests.csproj", "{48C2FA53-F934-4D87-862B-DF70211FC262}"
EndProject
Project("{FAE04EC0-301F-11D3-BF4B-00C04F79EFBC}") = "KafkaElasticConsumer.Main", "KafkaElasticConsumer.Main\KafkaElasticConsumer.Main.csproj", "{A22C7B33-81B9-448F-96D0-B42EBEF2DE65}"
EndProject
Global
	GlobalSection(SolutionConfigurationPlatforms) = preSolution
		Debug|Any CPU = Debug|Any CPU
		Debug|x64 = Debug|x64
		Debug|x86 = Debug|x86
		Release|Any CPU = Release|Any CPU
		Release|x64 = Release|x64
		Release|x86 = Release|x86
	EndGlobalSection
	GlobalSection(SolutionProperties) = preSolution
		HideSolutionNode = FALSE
	EndGlobalSection
	GlobalSection(ProjectConfigurationPlatforms) = postSolution
		{189EA9C1-E21C-43B4-A3C7-8F649FB23872}.Debug|Any CPU.ActiveCfg = Debug|Any CPU
		{189EA9C1-E21C-43B4-A3C7-8F649FB23872}.Debug|Any CPU.Build.0 = Debug|Any CPU
		{189EA9C1-E21C-43B4-A3C7-8F649FB23872}.Debug|x64.ActiveCfg = Debug|Any CPU
		{189EA9C1-E21C-43B4-A3C7-8F649FB23872}.Debug|x64.Build.0 = Debug|Any CPU
		{189EA9C1-E21C-43B4-A3C7-8F649FB23872}.Debug|x86.ActiveCfg = Debug|Any CPU
		{189EA9C1-E21C-43B4-A3C7-8F649FB23872}.Debug|x86.Build.0 = Debug|Any CPU
		{189EA9C1-E21C-43B4-A3C7-8F649FB23872}.Release|Any CPU.ActiveCfg = Release|Any CPU
		{189EA9C1-E21C-43B4-A3C7-8F649FB23872}.Release|Any CPU.Build.0 = Release|Any CPU
		{189EA9C1-E21C-43B4-A3C7-8F649FB23872}.Release|x64.ActiveCfg = Release|Any CPU
		{189EA9C1-E21C-43B4-A3C7-8F649FB23872}.Release|x64.Build.0 = Release|Any CPU
		{189EA9C1-E21C-43B4-A3C7-8F649FB23872}.Release|x86.ActiveCfg = Release|Any CPU
		{189EA9C1-E21C-43B4-A3C7-8F649FB23872}.Release|x86.Build.0 = Release|Any CPU
		{48C2FA53-F934-4D87-862B-DF70211FC262}.Debug|Any CPU.ActiveCfg = Debug|Any CPU
		{48C2FA53-F934-4D87-862B-DF70211FC262}.Debug|Any CPU.Build.0 = Debug|Any CPU
		{48C2FA53-F934-4D87-862B-DF70211FC262}.Debug|x64.ActiveCfg = Debug|Any CPU
		{48C2FA53-F934-4D87-862B-DF70211FC262}.Debug|x64.Build.0 = Debug|Any CPU
		{48C2FA53-F934-4D87-862B-DF70211FC262}.Debug|x86.ActiveCfg = Debug|Any CPU
		{48C2FA53-F934-4D87-862B-DF70211FC262}.Debug|x86.Build.0 = Debug|Any CPU
		{48C2FA53-F934-4D87-862B-DF70211FC262}.Release|Any CPU.ActiveCfg = Release|Any CPU
		{48C2FA53-F934-4D87-862B-DF70211FC262}.Release|Any CPU.Build.0 = Release|Any CPU
		{48C2FA53-F934-4D87-862B-DF70211FC262}.Release|x64.ActiveCfg = Release|Any CPU
		{48C2FA53-F934-4D87-862B-DF70211FC262}.Release|x64.Build.0 = Release|Any CPU
		{48C2FA53-F934-4D87-862B-DF70211FC262}.Release|x86.ActiveCfg = Release|Any CPU
		{48C2FA53-F934-4D87-862B-DF70211FC262}.Release|x86.Build.0 = Release|Any CPU
		{A22C7B33-81B9-448F-96D0-B42EBEF2DE65}.Debug|Any CPU.ActiveCfg = Debug|Any CPU
		{A22C7B33-81B9-448F-96D0-B42EBEF2DE65}.Debug|Any CPU.Build.0 = Debug|Any CPU
		{A22C7B33-81B9-448F-96D0-B42EBEF2DE65}.Debug|x64.ActiveCfg = Debug|Any CPU
		{A22C7B33-81B9-448F-96D0-B42EBEF2DE65}.Debug|x64.Build.0 = Debug|Any CPU
		{A22C7B33-81B9-448F-96D0-B42EBEF2DE65}.Debug|x86.ActiveCfg = Debug|Any CPU
		{A22C7B33-81B9-448F-96D0-B42EBEF2DE65}.Debug|x86.Build.0 = Debug|Any CPU
		{A22C7B33-81B9-448F-96D0-B42EBEF2DE65}.Release|Any CPU.ActiveCfg = Release|Any CPU
		{A22C7B33-81B9-448F-96D0-B42EBEF2DE65}.Release|Any CPU.Build.0 = Release|Any CPU
		{A22C7B33-81B9-448F-96D0-B42EBEF2DE65}.Release|x64.ActiveCfg = Release|Any CPU
		{A22C7B33-81B9-448F-96D0-B42EBEF2DE65}.Release|x64.Build.0 = Release|Any CPU
		{A22C7B33-81B9-448F-96D0-B42EBEF2DE65}.Release|x86.ActiveCfg = Release|Any CPU
		{A22C7B33-81B9-448F-96D0-B42EBEF2DE65}.Release|x86.Build.0 = Release|Any CPU
	EndGlobalSection
EndGlobal
